
Microsoft Visual Studio Solution File, Format Version 12.00
# Visual Studio Version 16
VisualStudioVersion = 16.0.30104.148
MinimumVisualStudioVersion = 10.0.40219.1
Project("{FAE04EC0-301F-11D3-BF4B-00C04F79EFBC}") = "App2.Android", "App2\App2.Android\App2.Android.csproj", "{556C4590-2662-4C31-A49B-C44FC00495CB}"
EndProject
Project("{FAE04EC0-301F-11D3-BF4B-00C04F79EFBC}") = "App2.iOS", "App2\App2.iOS\App2.iOS.csproj", "{6E02E771-88F0-4FA7-87E7-483AC3DD2B7B}"
EndProject
Project("{9A19103F-16F7-4668-BE54-9A1E7A4F7556}") = "App2", "App2\App2\App2.csproj", "{374DAFE9-EA41-4BE8-9525-62A150EBAD43}"
EndProject
Global
	GlobalSection(SolutionConfigurationPlatforms) = preSolution
		Debug|Any CPU = Debug|Any CPU
		Debug|iPhone = Debug|iPhone
		Debug|iPhoneSimulator = Debug|iPhoneSimulator
		Release|Any CPU = Release|Any CPU
		Release|iPhone = Release|iPhone
		Release|iPhoneSimulator = Release|iPhoneSimulator
	EndGlobalSection
	GlobalSection(ProjectConfigurationPlatforms) = postSolution
		{556C4590-2662-4C31-A49B-C44FC00495CB}.Debug|Any CPU.ActiveCfg = Debug|Any CPU
		{556C4590-2662-4C31-A49B-C44FC00495CB}.Debug|Any CPU.Build.0 = Debug|Any CPU
		{556C4590-2662-4C31-A49B-C44FC00495CB}.Debug|Any CPU.Deploy.0 = Debug|Any CPU
		{556C4590-2662-4C31-A49B-C44FC00495CB}.Debug|iPhone.ActiveCfg = Debug|Any CPU
		{556C4590-2662-4C31-A49B-C44FC00495CB}.Debug|iPhone.Build.0 = Debug|Any CPU
		{556C4590-2662-4C31-A49B-C44FC00495CB}.Debug|iPhone.Deploy.0 = Debug|Any CPU
		{556C4590-2662-4C31-A49B-C44FC00495CB}.Debug|iPhoneSimulator.ActiveCfg = Debug|Any CPU
		{556C4590-2662-4C31-A49B-C44FC00495CB}.Debug|iPhoneSimulator.Build.0 = Debug|Any CPU
		{556C4590-2662-4C31-A49B-C44FC00495CB}.Debug|iPhoneSimulator.Deploy.0 = Debug|Any CPU
		{556C4590-2662-4C31-A49B-C44FC00495CB}.Release|Any CPU.ActiveCfg = Release|Any CPU
		{556C4590-2662-4C31-A49B-C44FC00495CB}.Release|Any CPU.Build.0 = Release|Any CPU
		{556C4590-2662-4C31-A49B-C44FC00495CB}.Release|Any CPU.Deploy.0 = Release|Any CPU
		{556C4590-2662-4C31-A49B-C44FC00495CB}.Release|iPhone.ActiveCfg = Release|Any CPU
		{556C4590-2662-4C31-A49B-C44FC00495CB}.Release|iPhone.Build.0 = Release|Any CPU
		{556C4590-2662-4C31-A49B-C44FC00495CB}.Release|iPhone.Deploy.0 = Release|Any CPU
		{556C4590-2662-4C31-A49B-C44FC00495CB}.Release|iPhoneSimulator.ActiveCfg = Release|Any CPU
		{556C4590-2662-4C31-A49B-C44FC00495CB}.Release|iPhoneSimulator.Build.0 = Release|Any CPU
		{556C4590-2662-4C31-A49B-C44FC00495CB}.Release|iPhoneSimulator.Deploy.0 = Release|Any CPU
		{6E02E771-88F0-4FA7-87E7-483AC3DD2B7B}.Debug|Any CPU.ActiveCfg = Debug|iPhone
		{6E02E771-88F0-4FA7-87E7-483AC3DD2B7B}.Debug|Any CPU.Build.0 = Debug|iPhone
		{6E02E771-88F0-4FA7-87E7-483AC3DD2B7B}.Debug|Any CPU.Deploy.0 = Debug|iPhone
		{6E02E771-88F0-4FA7-87E7-483AC3DD2B7B}.Debug|iPhone.ActiveCfg = Debug|iPhone
		{6E02E771-88F0-4FA7-87E7-483AC3DD2B7B}.Debug|iPhone.Build.0 = Debug|iPhone
		{6E02E771-88F0-4FA7-87E7-483AC3DD2B7B}.Debug|iPhone.Deploy.0 = Debug|iPhone
		{6E02E771-88F0-4FA7-87E7-483AC3DD2B7B}.Debug|iPhoneSimulator.ActiveCfg = Debug|iPhoneSimulator
		{6E02E771-88F0-4FA7-87E7-483AC3DD2B7B}.Debug|iPhoneSimulator.Build.0 = Debug|iPhoneSimulator
		{6E02E771-88F0-4FA7-87E7-483AC3DD2B7B}.Debug|iPhoneSimulator.Deploy.0 = Debug|iPhoneSimulator
		{6E02E771-88F0-4FA7-87E7-483AC3DD2B7B}.Release|Any CPU.ActiveCfg = Release|iPhone
		{6E02E771-88F0-4FA7-87E7-483AC3DD2B7B}.Release|Any CPU.Build.0 = Release|iPhone
		{6E02E771-88F0-4FA7-87E7-483AC3DD2B7B}.Release|Any CPU.Deploy.0 = Release|iPhone
		{6E02E771-88F0-4FA7-87E7-483AC3DD2B7B}.Release|iPhone.ActiveCfg = Release|iPhone
		{6E02E771-88F0-4FA7-87E7-483AC3DD2B7B}.Release|iPhone.Build.0 = Release|iPhone
		{6E02E771-88F0-4FA7-87E7-483AC3DD2B7B}.Release|iPhone.Deploy.0 = Release|iPhone
		{6E02E771-88F0-4FA7-87E7-483AC3DD2B7B}.Release|iPhoneSimulator.ActiveCfg = Release|iPhoneSimulator
		{6E02E771-88F0-4FA7-87E7-483AC3DD2B7B}.Release|iPhoneSimulator.Build.0 = Release|iPhoneSimulator
		{6E02E771-88F0-4FA7-87E7-483AC3DD2B7B}.Release|iPhoneSimulator.Deploy.0 = Release|iPhoneSimulator
		{374DAFE9-EA41-4BE8-9525-62A150EBAD43}.Debug|Any CPU.ActiveCfg = Debug|Any CPU
		{374DAFE9-EA41-4BE8-9525-62A150EBAD43}.Debug|Any CPU.Build.0 = Debug|Any CPU
		{374DAFE9-EA41-4BE8-9525-62A150EBAD43}.Debug|Any CPU.Deploy.0 = Debug|Any CPU
		{374DAFE9-EA41-4BE8-9525-62A150EBAD43}.Debug|iPhone.ActiveCfg = Debug|Any CPU
		{374DAFE9-EA41-4BE8-9525-62A150EBAD43}.Debug|iPhone.Build.0 = Debug|Any CPU
		{374DAFE9-EA41-4BE8-9525-62A150EBAD43}.Debug|iPhone.Deploy.0 = Debug|Any CPU
		{374DAFE9-EA41-4BE8-9525-62A150EBAD43}.Debug|iPhoneSimulator.ActiveCfg = Debug|Any CPU
		{374DAFE9-EA41-4BE8-9525-62A150EBAD43}.Debug|iPhoneSimulator.Build.0 = Debug|Any CPU
		{374DAFE9-EA41-4BE8-9525-62A150EBAD43}.Debug|iPhoneSimulator.Deploy.0 = Debug|Any CPU
		{374DAFE9-EA41-4BE8-9525-62A150EBAD43}.Release|Any CPU.ActiveCfg = Release|Any CPU
		{374DAFE9-EA41-4BE8-9525-62A150EBAD43}.Release|Any CPU.Build.0 = Release|Any CPU
		{374DAFE9-EA41-4BE8-9525-62A150EBAD43}.Release|Any CPU.Deploy.0 = Release|Any CPU
		{374DAFE9-EA41-4BE8-9525-62A150EBAD43}.Release|iPhone.ActiveCfg = Release|Any CPU
		{374DAFE9-EA41-4BE8-9525-62A150EBAD43}.Release|iPhone.Build.0 = Release|Any CPU
		{374DAFE9-EA41-4BE8-9525-62A150EBAD43}.Release|iPhone.Deploy.0 = Release|Any CPU
		{374DAFE9-EA41-4BE8-9525-62A150EBAD43}.Release|iPhoneSimulator.ActiveCfg = Release|Any CPU
		{374DAFE9-EA41-4BE8-9525-62A150EBAD43}.Release|iPhoneSimulator.Build.0 = Release|Any CPU
		{374DAFE9-EA41-4BE8-9525-62A150EBAD43}.Release|iPhoneSimulator.Deploy.0 = Release|Any CPU
	EndGlobalSection
	GlobalSection(SolutionProperties) = preSolution
		HideSolutionNode = FALSE
	EndGlobalSection
	GlobalSection(ExtensibilityGlobals) = postSolution
		SolutionGuid = {4A8C9384-7945-4570-9DF1-99FD750BE355}
	EndGlobalSection
EndGlobal
